Microsoft Visual Studio Solution File, Format Version 12.00
# Visual Studio Version 17
VisualStudioVersion = 17.5.2.0
MinimumVisualStudioVersion = 10.0.40219.1
Project("{FAE04EC0-301F-11D3-BF4B-00C04F79EFBC}") = "Dashboard", "Dashboard.csproj", "{15117113-EE40-8DCA-BC4D-4D4D68604E97}"
EndProject
Global
	GlobalSection(SolutionConfigurationPlatforms) = preSolution
		Debug|Any CPU = Debug|Any CPU
		Release|Any CPU = Release|Any CPU
	EndGlobalSection
	GlobalSection(ProjectConfigurationPlatforms) = postSolution
		{15117113-EE40-8DCA-BC4D-4D4D68604E97}.Debug|Any CPU.ActiveCfg = Debug|Any CPU
		{15117113-EE40-8DCA-BC4D-4D4D68604E97}.Debug|Any CPU.Build.0 = Debug|Any CPU
		{15117113-EE40-8DCA-BC4D-4D4D68604E97}.Release|Any CPU.ActiveCfg = Release|Any CPU
		{15117113-EE40-8DCA-BC4D-4D4D68604E97}.Release|Any CPU.Build.0 = Release|Any CPU
	EndGlobalSection
	GlobalSection(SolutionProperties) = preSolution
		HideSolutionNode = FALSE
	EndGlobalSection
	GlobalSection(ExtensibilityGlobals) = postSolution
		SolutionGuid = {E58A0C30-3027-47EF-8773-4406AD60BCEC}
	EndGlobalSection
EndGlobal
